<?xml version="1.0" encoding="UTF-8" standalone="yes" ?>
<CodeBlocks_project_file>
	<FileVersion major="1" minor="6" />
	<Project>
		<Option title="nbeams" />
		<Option pch_mode="2" />
		<Option compiler="gfortran" />
		<Build>
			<Target title="Release">
				<Option output="bin/Release/nbeams" prefix_auto="1" extension_auto="1" />
				<Option object_output="obj/Release/" />
				<Option type="1" />
				<Option compiler="gfortran" />
				<Compiler>
					<Add option="-O2" />
				</Compiler>
				<Linker>
					<Add option="-s" />
					<Add library="lapack" />
					<Add library="blas" />
				</Linker>
			</Target>
		</Build>
		<Compiler>
			<Add option="-ffixed-line-length-none" />
			<Add option="-Wall" />
		</Compiler>
		<Unit filename="BeamsLoc.inc" />
		<Unit filename="NBeamsMDS.mak" />
		<Unit filename="NBeamsMDS.mdp" />
		<Unit filename="beamconsts.for" />
		<Unit filename="beams_mfp.for" />
		<Unit filename="bugging.txt" />
		<Unit filename="calcbeams.f.bak" />
		<Unit filename="calcbeams.for" />
		<Unit filename="coulomb.for" />
		<Unit filename="eisplit.for" />
		<Unit filename="erf.for" />
		<Unit filename="fastions.for" />
		<Unit filename="frate.for" />
		<Unit filename="gausswts.for" />
		<Unit filename="getrho.for" />
		<Unit filename="hofr.for" />
		<Unit filename="hunt.for" />
		<Unit filename="inbeams.dat" />
		<Unit filename="inbeams123301.txt" />
		<Unit filename="inbeams123302.txt" />
		<Unit filename="nbconsts.inc" />
		<Unit filename="nbdriver.for" />
		<Unit filename="nbeams.depend" />
		<Unit filename="nbeams.layout" />
		<Unit filename="nbeams.pdf" />
		<Unit filename="nbparams.inc" />
		<Unit filename="nbplasma.inc" />
		<Unit filename="outbeams.dat" />
		<Unit filename="qsimp.for" />
		<Unit filename="rinteg.for" />
		<Unit filename="sig_olson.for" />
		<Unit filename="sigfit.for" />
		<Unit filename="sinteg.for" />
		<Unit filename="ssum.for" />
		<Unit filename="zinteg.for" />
		<Unit filename="zinteg.for.bak" />
		<Extensions>
			<code_completion />
			<debugger />
		</Extensions>
	</Project>
</CodeBlocks_project_file>
